
Microsoft Visual Studio Solution File, Format Version 12.00
# Visual Studio 2013
VisualStudioVersion = 12.0.31101.0
MinimumVisualStudioVersion = 10.0.40219.1
Project("{FAE04EC0-301F-11D3-BF4B-00C04F79EFBC}") = "Döngüler_Rezervasyon", "Döngüler_Rezervasyon\Döngüler_Rezervasyon.csproj", "{768CE827-E0BD-4ECB-A4BA-BF6F7DDE039D}"
EndProject
Global
	GlobalSection(SolutionConfigurationPlatforms) = preSolution
		Debug|Any CPU = Debug|Any CPU
		Release|Any CPU = Release|Any CPU
	EndGlobalSection
	GlobalSection(ProjectConfigurationPlatforms) = postSolution
		{768CE827-E0BD-4ECB-A4BA-BF6F7DDE039D}.Debug|Any CPU.ActiveCfg = Debug|Any CPU
		{768CE827-E0BD-4ECB-A4BA-BF6F7DDE039D}.Debug|Any CPU.Build.0 = Debug|Any CPU
		{768CE827-E0BD-4ECB-A4BA-BF6F7DDE039D}.Release|Any CPU.ActiveCfg = Release|Any CPU
		{768CE827-E0BD-4ECB-A4BA-BF6F7DDE039D}.Release|Any CPU.Build.0 = Release|Any CPU
	EndGlobalSection
	GlobalSection(SolutionProperties) = preSolution
		HideSolutionNode = FALSE
	EndGlobalSection
EndGlobal
